
Microsoft Visual Studio Solution File, Format Version 12.00
# Visual Studio 14
VisualStudioVersion = 14.0.25420.1
MinimumVisualStudioVersion = 10.0.40219.1
Project("{FAE04EC0-301F-11D3-BF4B-00C04F79EFBC}") = "RetailStore", "RetailStore\RetailStore.csproj", "{79076E47-631B-482D-A7ED-A4116BB55019}"
EndProject
Project("{FAE04EC0-301F-11D3-BF4B-00C04F79EFBC}") = "RetailStore.Tests", "RetailStore.Tests\RetailStore.Tests.csproj", "{9553078D-B353-4EDD-9113-426A3B2FF4EE}"
EndProject
Global
	GlobalSection(SolutionConfigurationPlatforms) = preSolution
		Debug|Any CPU = Debug|Any CPU
		Release|Any CPU = Release|Any CPU
	EndGlobalSection
	GlobalSection(ProjectConfigurationPlatforms) = postSolution
		{79076E47-631B-482D-A7ED-A4116BB55019}.Debug|Any CPU.ActiveCfg = Debug|Any CPU
		{79076E47-631B-482D-A7ED-A4116BB55019}.Debug|Any CPU.Build.0 = Debug|Any CPU
		{79076E47-631B-482D-A7ED-A4116BB55019}.Release|Any CPU.ActiveCfg = Release|Any CPU
		{79076E47-631B-482D-A7ED-A4116BB55019}.Release|Any CPU.Build.0 = Release|Any CPU
		{9553078D-B353-4EDD-9113-426A3B2FF4EE}.Debug|Any CPU.ActiveCfg = Debug|Any CPU
		{9553078D-B353-4EDD-9113-426A3B2FF4EE}.Debug|Any CPU.Build.0 = Debug|Any CPU
		{9553078D-B353-4EDD-9113-426A3B2FF4EE}.Release|Any CPU.ActiveCfg = Release|Any CPU
		{9553078D-B353-4EDD-9113-426A3B2FF4EE}.Release|Any CPU.Build.0 = Release|Any CPU
	EndGlobalSection
	GlobalSection(SolutionProperties) = preSolution
		HideSolutionNode = FALSE
	EndGlobalSection
EndGlobal
